
Microsoft Visual Studio Solution File, Format Version 12.00
# Visual Studio Version 16
VisualStudioVersion = 16.0.29926.136
MinimumVisualStudioVersion = 10.0.40219.1
Project("{FAE04EC0-301F-11D3-BF4B-00C04F79EFBC}") = "TPC_DIAZ", "TPC_DIAZ\TPC_DIAZ.csproj", "{F4D786BF-62F5-4AA4-A8E7-23F97959C771}"
EndProject
Project("{FAE04EC0-301F-11D3-BF4B-00C04F79EFBC}") = "Negocio", "Negocio\Negocio.csproj", "{1FE6B744-D9C7-4D20-911A-3BF771AB0330}"
EndProject
Project("{FAE04EC0-301F-11D3-BF4B-00C04F79EFBC}") = "Dominio", "ClassLibrary1\Dominio.csproj", "{07B35401-721C-479E-8BFA-2029778A79A3}"
EndProject
Global
	GlobalSection(SolutionConfigurationPlatforms) = preSolution
		Debug|Any CPU = Debug|Any CPU
		Release|Any CPU = Release|Any CPU
	EndGlobalSection
	GlobalSection(ProjectConfigurationPlatforms) = postSolution
		{F4D786BF-62F5-4AA4-A8E7-23F97959C771}.Debug|Any CPU.ActiveCfg = Debug|Any CPU
		{F4D786BF-62F5-4AA4-A8E7-23F97959C771}.Debug|Any CPU.Build.0 = Debug|Any CPU
		{F4D786BF-62F5-4AA4-A8E7-23F97959C771}.Release|Any CPU.ActiveCfg = Release|Any CPU
		{F4D786BF-62F5-4AA4-A8E7-23F97959C771}.Release|Any CPU.Build.0 = Release|Any CPU
		{1FE6B744-D9C7-4D20-911A-3BF771AB0330}.Debug|Any CPU.ActiveCfg = Debug|Any CPU
		{1FE6B744-D9C7-4D20-911A-3BF771AB0330}.Debug|Any CPU.Build.0 = Debug|Any CPU
		{1FE6B744-D9C7-4D20-911A-3BF771AB0330}.Release|Any CPU.ActiveCfg = Release|Any CPU
		{1FE6B744-D9C7-4D20-911A-3BF771AB0330}.Release|Any CPU.Build.0 = Release|Any CPU
		{07B35401-721C-479E-8BFA-2029778A79A3}.Debug|Any CPU.ActiveCfg = Debug|Any CPU
		{07B35401-721C-479E-8BFA-2029778A79A3}.Debug|Any CPU.Build.0 = Debug|Any CPU
		{07B35401-721C-479E-8BFA-2029778A79A3}.Release|Any CPU.ActiveCfg = Release|Any CPU
		{07B35401-721C-479E-8BFA-2029778A79A3}.Release|Any CPU.Build.0 = Release|Any CPU
	EndGlobalSection
	GlobalSection(SolutionProperties) = preSolution
		HideSolutionNode = FALSE
	EndGlobalSection
	GlobalSection(ExtensibilityGlobals) = postSolution
		SolutionGuid = {D474B228-816F-411B-827B-4FBB6D834600}
	EndGlobalSection
EndGlobal
